{
  "version": 4,
  "terraform_version": "0.12.23",
  "serial": 164,
  "lineage": "6dab775b-f7bc-604c-39f4-ff91cc7cd12a",
  "outputs": {},
  "resources": [
    {
      "module": "module.defaults.module.ami",
      "mode": "data",
      "type": "aws_ami",
      "name": "centos_7",
      "provider": "provider.aws",
      "instances": [
        {
          "schema_version": 0,
          "attributes": {
            "architecture": "x86_64",
            "block_device_mappings": [
              {
                "device_name": "/dev/sda1",
                "ebs": {
                  "delete_on_termination": "false",
                  "encrypted": "false",
                  "iops": "0",
                  "snapshot_id": "snap-0cb4f5ff601f70d3c",
                  "volume_size": "8",
                  "volume_type": "gp2"
                },
                "no_device": "",
                "virtual_name": ""
              }
            ],
            "creation_date": "2020-03-09T21:49:28.000Z",
            "description": "CentOS Linux 7 x86_64 HVM EBS ENA 2002_01",
            "executable_users": null,
            "filter": [
              {
                "name": "architecture",
                "values": [
                  "x86_64"
                ]
              },
              {
                "name": "name",
                "values": [
                  "CentOS Linux 7 x86_64 HVM EBS *"
                ]
              },
              {
                "name": "root-device-type",
                "values": [
                  "ebs"
                ]
              }
            ],
            "hypervisor": "xen",
            "id": "ami-0affd4508a5d2481b",
            "image_id": "ami-0affd4508a5d2481b",
            "image_location": "aws-marketplace/CentOS Linux 7 x86_64 HVM EBS ENA 2002_01-b7ee8a69-ee97-4a49-9e68-afaee216db2e-ami-0042af67f8e4dcc20.4",
            "image_owner_alias": "aws-marketplace",
            "image_type": "machine",
            "kernel_id": null,
            "most_recent": true,
            "name": "CentOS Linux 7 x86_64 HVM EBS ENA 2002_01-b7ee8a69-ee97-4a49-9e68-afaee216db2e-ami-0042af67f8e4dcc20.4",
            "name_regex": null,
            "owner_id": "679593333241",
            "owners": [
              "679593333241"
            ],
            "platform": null,
            "product_codes": [
              {
                "product_code_id": "aw0evgkw8e5c1q413zgy5pjce",
                "product_code_type": "marketplace"
              }
            ],
            "public": true,
            "ramdisk_id": null,
            "root_device_name": "/dev/sda1",
            "root_device_type": "ebs",
            "root_snapshot_id": "snap-0cb4f5ff601f70d3c",
            "sriov_net_support": "simple",
            "state": "available",
            "state_reason": {
              "code": "UNSET",
              "message": "UNSET"
            },
            "tags": {},
            "virtualization_type": "hvm"
          }
        }
      ]
    },
    {
      "module": "module.defaults.module.ami",
      "mode": "data",
      "type": "aws_ami",
      "name": "ecs_latest",
      "provider": "provider.aws",
      "instances": [
        {
          "schema_version": 0,
          "attributes": {
            "architecture": "x86_64",
            "block_device_mappings": [
              {
                "device_name": "/dev/xvda",
                "ebs": {
                  "delete_on_termination": "true",
                  "encrypted": "false",
                  "iops": "0",
                  "snapshot_id": "snap-0b535e71f96b8b217",
                  "volume_size": "8",
                  "volume_type": "gp2"
                },
                "no_device": "",
                "virtual_name": ""
              },
              {
                "device_name": "/dev/xvdcz",
                "ebs": {
                  "delete_on_termination": "true",
                  "encrypted": "false",
                  "iops": "0",
                  "snapshot_id": "",
                  "volume_size": "22",
                  "volume_type": "gp2"
                },
                "no_device": "",
                "virtual_name": ""
              }
            ],
            "creation_date": "2020-03-20T21:25:53.000Z",
            "description": "Amazon Linux AMI amzn-ami-2018.03.20200319 x86_64 ECS HVM GP2",
            "executable_users": null,
            "filter": [
              {
                "name": "name",
                "values": [
                  "*amazon-ecs-optimized"
                ]
              },
              {
                "name": "virtualization-type",
                "values": [
                  "hvm"
                ]
              }
            ],
            "hypervisor": "xen",
            "id": "ami-0aba0ea987d0d7530",
            "image_id": "ami-0aba0ea987d0d7530",
            "image_location": "amazon/amzn-ami-2018.03.20200319-amazon-ecs-optimized",
            "image_owner_alias": "amazon",
            "image_type": "machine",
            "kernel_id": null,
            "most_recent": true,
            "name": "amzn-ami-2018.03.20200319-amazon-ecs-optimized",
            "name_regex": null,
            "owner_id": "591542846629",
            "owners": [
              "591542846629"
            ],
            "platform": null,
            "product_codes": [],
            "public": true,
            "ramdisk_id": null,
            "root_device_name": "/dev/xvda",
            "root_device_type": "ebs",
            "root_snapshot_id": "snap-0b535e71f96b8b217",
            "sriov_net_support": "simple",
            "state": "available",
            "state_reason": {
              "code": "UNSET",
              "message": "UNSET"
            },
            "tags": {},
            "virtualization_type": "hvm"
          }
        }
      ]
    },
    {
      "module": "module.defaults.module.ami",
      "mode": "data",
      "type": "aws_ami",
      "name": "ubuntu_1604",
      "provider": "provider.aws",
      "instances": [
        {
          "schema_version": 0,
          "attributes": {
            "architecture": "x86_64",
            "block_device_mappings": [
              {
                "device_name": "/dev/sda1",
                "ebs": {
                  "delete_on_termination": "true",
                  "encrypted": "false",
                  "iops": "0",
                  "snapshot_id": "snap-0a0e7a77fede2bcce",
                  "volume_size": "8",
                  "volume_type": "gp2"
                },
                "no_device": "",
                "virtual_name": ""
              },
              {
                "device_name": "/dev/sdb",
                "ebs": {},
                "no_device": "",
                "virtual_name": "ephemeral0"
              },
              {
                "device_name": "/dev/sdc",
                "ebs": {},
                "no_device": "",
                "virtual_name": "ephemeral1"
              }
            ],
            "creation_date": "2020-03-17T20:37:37.000Z",
            "description": "Canonical, Ubuntu, 16.04 LTS, amd64 xenial image build on 2020-03-17",
            "executable_users": null,
            "filter": [
              {
                "name": "name",
                "values": [
                  "ubuntu/images/hvm-ssd/ubuntu-xenial-16.04-amd64-server-*"
                ]
              },
              {
                "name": "virtualization-type",
                "values": [
                  "hvm"
                ]
              }
            ],
            "hypervisor": "xen",
            "id": "ami-04ac550b78324f651",
            "image_id": "ami-04ac550b78324f651",
            "image_location": "099720109477/ubuntu/images/hvm-ssd/ubuntu-xenial-16.04-amd64-server-20200317",
            "image_owner_alias": null,
            "image_type": "machine",
            "kernel_id": null,
            "most_recent": true,
            "name": "ubuntu/images/hvm-ssd/ubuntu-xenial-16.04-amd64-server-20200317",
            "name_regex": null,
            "owner_id": "099720109477",
            "owners": [
              "099720109477"
            ],
            "platform": null,
            "product_codes": [],
            "public": true,
            "ramdisk_id": null,
            "root_device_name": "/dev/sda1",
            "root_device_type": "ebs",
            "root_snapshot_id": "snap-0a0e7a77fede2bcce",
            "sriov_net_support": "simple",
            "state": "available",
            "state_reason": {
              "code": "UNSET",
              "message": "UNSET"
            },
            "tags": {},
            "virtualization_type": "hvm"
          }
        }
      ]
    },
    {
      "module": "module.defaults.module.ami",
      "mode": "data",
      "type": "aws_ami",
      "name": "ubuntu_1804",
      "provider": "provider.aws",
      "instances": [
        {
          "schema_version": 0,
          "attributes": {
            "architecture": "x86_64",
            "block_device_mappings": [
              {
                "device_name": "/dev/sda1",
                "ebs": {
                  "delete_on_termination": "true",
                  "encrypted": "false",
                  "iops": "0",
                  "snapshot_id": "snap-0ebfa013ecb25344d",
                  "volume_size": "8",
                  "volume_type": "gp2"
                },
                "no_device": "",
                "virtual_name": ""
              },
              {
                "device_name": "/dev/sdb",
                "ebs": {},
                "no_device": "",
                "virtual_name": "ephemeral0"
              },
              {
                "device_name": "/dev/sdc",
                "ebs": {},
                "no_device": "",
                "virtual_name": "ephemeral1"
              }
            ],
            "creation_date": "2020-03-24T20:56:16.000Z",
            "description": "Canonical, Ubuntu, 18.04 LTS, amd64 bionic image build on 2020-03-23",
            "executable_users": null,
            "filter": [
              {
                "name": "name",
                "values": [
                  "ubuntu/images/hvm-ssd/ubuntu-bionic-18.04-amd64-server-*"
                ]
              },
              {
                "name": "virtualization-type",
                "values": [
                  "hvm"
                ]
              }
            ],
            "hypervisor": "xen",
            "id": "ami-0a4f4704a9146742a",
            "image_id": "ami-0a4f4704a9146742a",
            "image_location": "099720109477/ubuntu/images/hvm-ssd/ubuntu-bionic-18.04-amd64-server-20200323",
            "image_owner_alias": null,
            "image_type": "machine",
            "kernel_id": null,
            "most_recent": true,
            "name": "ubuntu/images/hvm-ssd/ubuntu-bionic-18.04-amd64-server-20200323",
            "name_regex": null,
            "owner_id": "099720109477",
            "owners": [
              "099720109477"
            ],
            "platform": null,
            "product_codes": [],
            "public": true,
            "ramdisk_id": null,
            "root_device_name": "/dev/sda1",
            "root_device_type": "ebs",
            "root_snapshot_id": "snap-0ebfa013ecb25344d",
            "sriov_net_support": "simple",
            "state": "available",
            "state_reason": {
              "code": "UNSET",
              "message": "UNSET"
            },
            "tags": {},
            "virtualization_type": "hvm"
          }
        }
      ]
    },
    {
      "module": "module.defaults.module.ansible",
      "mode": "data",
      "type": "aws_caller_identity",
      "name": "this",
      "provider": "provider.aws",
      "instances": [
        {
          "schema_version": 0,
          "attributes": {
            "account_id": "415352219645",
            "arn": "arn:aws:iam::415352219645:user/cci-admin",
            "id": "2020-04-04 20:36:13.088661206 +0000 UTC",
            "user_id": "AIDAWBNHL476VWIS36AQH"
          }
        }
      ]
    },
    {
      "module": "module.defaults.module.ansible",
      "mode": "data",
      "type": "aws_region",
      "name": "current",
      "provider": "provider.aws",
      "instances": [
        {
          "schema_version": 0,
          "attributes": {
            "current": null,
            "description": "US East (N. Virginia)",
            "endpoint": "ec2.us-east-1.amazonaws.com",
            "id": "us-east-1",
            "name": "us-east-1"
          }
        }
      ]
    },
    {
      "module": "module.defaults",
      "mode": "data",
      "type": "aws_route53_zone",
      "name": "root",
      "provider": "provider.aws",
      "instances": [
        {
          "schema_version": 0,
          "attributes": {
            "caller_reference": "RISWorkflow-RD:4b014372-735c-400c-bd6f-4a23b4ed7739",
            "comment": "HostedZone created by Route53 Registrar",
            "id": "Z2TJYPXTAYBRCC",
            "linked_service_description": null,
            "linked_service_principal": null,
            "name": "insight-infra.de.",
            "name_servers": [
              "ns-685.awsdns-21.net",
              "ns-271.awsdns-33.com",
              "ns-1402.awsdns-47.org",
              "ns-1805.awsdns-33.co.uk"
            ],
            "private_zone": false,
            "resource_record_set_count": 2,
            "tags": {},
            "vpc_id": null,
            "zone_id": "Z2TJYPXTAYBRCC"
          }
        }
      ]
    },
    {
      "module": "module.vpc_default",
      "mode": "data",
      "type": "aws_subnet",
      "name": "default",
      "each": "list",
      "provider": "provider.aws",
      "instances": [
        {
          "index_key": 0,
          "schema_version": 0,
          "attributes": {
            "arn": "arn:aws:ec2:us-east-1:415352219645:subnet/subnet-0de0f851",
            "assign_ipv6_address_on_creation": false,
            "availability_zone": "us-east-1b",
            "availability_zone_id": "use1-az6",
            "cidr_block": "172.31.32.0/20",
            "default_for_az": true,
            "filter": null,
            "id": "subnet-0de0f851",
            "ipv6_cidr_block": null,
            "ipv6_cidr_block_association_id": null,
            "map_public_ip_on_launch": true,
            "owner_id": "415352219645",
            "state": "available",
            "tags": {},
            "vpc_id": "vpc-8d5378f7"
          }
        },
        {
          "index_key": 1,
          "schema_version": 0,
          "attributes": {
            "arn": "arn:aws:ec2:us-east-1:415352219645:subnet/subnet-8419c88a",
            "assign_ipv6_address_on_creation": false,
            "availability_zone": "us-east-1f",
            "availability_zone_id": "use1-az5",
            "cidr_block": "172.31.48.0/20",
            "default_for_az": true,
            "filter": null,
            "id": "subnet-8419c88a",
            "ipv6_cidr_block": null,
            "ipv6_cidr_block_association_id": null,
            "map_public_ip_on_launch": true,
            "owner_id": "415352219645",
            "state": "available",
            "tags": {},
            "vpc_id": "vpc-8d5378f7"
          }
        },
        {
          "index_key": 2,
          "schema_version": 0,
          "attributes": {
            "arn": "arn:aws:ec2:us-east-1:415352219645:subnet/subnet-8d1c03ea",
            "assign_ipv6_address_on_creation": false,
            "availability_zone": "us-east-1c",
            "availability_zone_id": "use1-az1",
            "cidr_block": "172.31.0.0/20",
            "default_for_az": true,
            "filter": null,
            "id": "subnet-8d1c03ea",
            "ipv6_cidr_block": null,
            "ipv6_cidr_block_association_id": null,
            "map_public_ip_on_launch": true,
            "owner_id": "415352219645",
            "state": "available",
            "tags": {},
            "vpc_id": "vpc-8d5378f7"
          }
        },
        {
          "index_key": 3,
          "schema_version": 0,
          "attributes": {
            "arn": "arn:aws:ec2:us-east-1:415352219645:subnet/subnet-93b9a3bd",
            "assign_ipv6_address_on_creation": false,
            "availability_zone": "us-east-1d",
            "availability_zone_id": "use1-az2",
            "cidr_block": "172.31.80.0/20",
            "default_for_az": true,
            "filter": null,
            "id": "subnet-93b9a3bd",
            "ipv6_cidr_block": null,
            "ipv6_cidr_block_association_id": null,
            "map_public_ip_on_launch": true,
            "owner_id": "415352219645",
            "state": "available",
            "tags": {},
            "vpc_id": "vpc-8d5378f7"
          }
        },
        {
          "index_key": 4,
          "schema_version": 0,
          "attributes": {
            "arn": "arn:aws:ec2:us-east-1:415352219645:subnet/subnet-aa8ead94",
            "assign_ipv6_address_on_creation": false,
            "availability_zone": "us-east-1e",
            "availability_zone_id": "use1-az3",
            "cidr_block": "172.31.64.0/20",
            "default_for_az": true,
            "filter": null,
            "id": "subnet-aa8ead94",
            "ipv6_cidr_block": null,
            "ipv6_cidr_block_association_id": null,
            "map_public_ip_on_launch": true,
            "owner_id": "415352219645",
            "state": "available",
            "tags": {},
            "vpc_id": "vpc-8d5378f7"
          }
        },
        {
          "index_key": 5,
          "schema_version": 0,
          "attributes": {
            "arn": "arn:aws:ec2:us-east-1:415352219645:subnet/subnet-b550fff8",
            "assign_ipv6_address_on_creation": false,
            "availability_zone": "us-east-1a",
            "availability_zone_id": "use1-az4",
            "cidr_block": "172.31.16.0/20",
            "default_for_az": true,
            "filter": null,
            "id": "subnet-b550fff8",
            "ipv6_cidr_block": null,
            "ipv6_cidr_block_association_id": null,
            "map_public_ip_on_launch": true,
            "owner_id": "415352219645",
            "state": "available",
            "tags": {},
            "vpc_id": "vpc-8d5378f7"
          }
        }
      ]
    },
    {
      "module": "module.vpc_default",
      "mode": "data",
      "type": "aws_subnet_ids",
      "name": "default",
      "provider": "provider.aws",
      "instances": [
        {
          "schema_version": 0,
          "attributes": {
            "filter": null,
            "id": "vpc-8d5378f7",
            "ids": [
              "subnet-0de0f851",
              "subnet-8419c88a",
              "subnet-8d1c03ea",
              "subnet-93b9a3bd",
              "subnet-aa8ead94",
              "subnet-b550fff8"
            ],
            "tags": null,
            "vpc_id": "vpc-8d5378f7"
          }
        }
      ]
    },
    {
      "module": "module.vpc_default",
      "mode": "data",
      "type": "aws_vpc",
      "name": "default",
      "provider": "provider.aws",
      "instances": [
        {
          "schema_version": 0,
          "attributes": {
            "arn": "arn:aws:ec2:us-east-1:415352219645:vpc/vpc-8d5378f7",
            "cidr_block": "172.31.0.0/16",
            "cidr_block_associations": [
              {
                "association_id": "vpc-cidr-assoc-1b767277",
                "cidr_block": "172.31.0.0/16",
                "state": "associated"
              }
            ],
            "default": true,
            "dhcp_options_id": "dopt-7182560b",
            "enable_dns_hostnames": true,
            "enable_dns_support": true,
            "filter": null,
            "id": "vpc-8d5378f7",
            "instance_tenancy": "default",
            "ipv6_association_id": null,
            "ipv6_cidr_block": null,
            "main_route_table_id": "rtb-96c472e8",
            "owner_id": "415352219645",
            "state": "available",
            "tags": {}
          }
        }
      ]
    },
    {
      "module": "module.vpc_default",
      "mode": "managed",
      "type": "aws_default_vpc",
      "name": "this",
      "provider": "provider.aws",
      "instances": [
        {
          "schema_version": 1,
          "attributes": {
            "arn": "arn:aws:ec2:us-east-1:415352219645:vpc/vpc-8d5378f7",
            "assign_generated_ipv6_cidr_block": false,
            "cidr_block": "172.31.0.0/16",
            "default_network_acl_id": "acl-7dee7c00",
            "default_route_table_id": "rtb-96c472e8",
            "default_security_group_id": "sg-e69bd7ce",
            "dhcp_options_id": "dopt-7182560b",
            "enable_classiclink": false,
            "enable_classiclink_dns_support": false,
            "enable_dns_hostnames": true,
            "enable_dns_support": true,
            "id": "vpc-8d5378f7",
            "instance_tenancy": "default",
            "ipv6_association_id": "",
            "ipv6_cidr_block": "",
            "main_route_table_id": "rtb-96c472e8",
            "owner_id": "415352219645",
            "tags": null
          },
          "private": "eyJzY2hlbWFfdmVyc2lvbiI6IjEifQ=="
        }
      ]
    },
    {
      "module": "module.defaults",
      "mode": "managed",
      "type": "aws_key_pair",
      "name": "this",
      "each": "list",
      "provider": "provider.aws",
      "instances": [
        {
          "index_key": 0,
          "schema_version": 1,
          "attributes": {
            "fingerprint": "2f:fa:c1:c0:91:08:6b:6d:33:6f:66:40:79:69:7f:16",
            "id": "terraform-20200309021204504400000001",
            "key_name": "terraform-20200309021204504400000001",
            "key_name_prefix": null,
            "key_pair_id": "key-0a1fe85d6f97996e2",
            "public_key": "ssh-rsa AAAAB3NzaC1yc2EAAAADAQABAAACAQCjy9SSnKNSGOn/U7bTD60ivuimMfnBcxQZdDiJPs46FsyiJCwinBnQoxZStd59YrGIiGlSUdbg4hHikiPRN45R75lupLNMqHnl0AJR2kfrwbZXoYpNgQheXpKvkUFPf9NWpAR3vJHguCbz/1AlAqWP2sf/XclWOEEYVANDKCnXo9p1FO4s2pCLQmozBS6PVagqCehnz2MXxOoKR/64rDomS9zlE2K63dwDwU4uCixsUmk/kX8f4uc0LBgHf3wHtjjsUypMDEcFN8QQ5LzvI6LE3Fj0vuFxqdrmJihMx+LSvmmMvC368urt1dovg1nHs4+tPdG+M1rBhzdSWhDNqZRkHFPiSqt7gpdJHPl3oQs/LOA2tx1wVXNzPssQhpE13WkqOQr+lCR0Dg8Nv6Oj1o08/MDC0YHzCchLyoavJRSHbBlbsW/T4Gn3ALxg0aVZ5byN9204WO0GAqg0wS6FVII9oDBLdnx6Uyvk0Ehyr/M0cfWNQ4stk6b2n0yYFS9luvXCjLgTcsxGg9tObdJv4LsLtf2kOYqepuhdlS1mKyshsj+PmFRXbbYy88ATq7dllyvXolvo/nQXNfR3COqGELL+037/DWoW3Vk4MWGsqgn9U6r8bp27lmsF3XyyIGvQNuO+wzSfPa/MQc6IOEwByXxKxU/oOH/WtEhLZzRQ3UAooQ== rob@pop-os",
            "tags": {
              "Namespace": "prod",
              "NetworkName": "main",
              "Owner": "",
              "Stage": "blue",
              "Terraform": "true",
              "VpcType": "main"
            }
          },
          "private": "eyJzY2hlbWFfdmVyc2lvbiI6IjEifQ=="
        }
      ]
    },
    {
      "module": "module.defaults",
      "mode": "managed",
      "type": "aws_route53_record",
      "name": "this",
      "provider": "provider.aws",
      "instances": [
        {
          "schema_version": 2,
          "attributes": {
            "alias": [],
            "allow_overwrite": null,
            "failover_routing_policy": [],
            "fqdn": "jitsi.insight-infra.de",
            "geolocation_routing_policy": [],
            "health_check_id": null,
            "id": "Z2TJYPXTAYBRCC_jitsi.insight-infra.de_A",
            "latency_routing_policy": [],
            "multivalue_answer_routing_policy": null,
            "name": "jitsi.insight-infra.de",
            "records": [
              "52.205.241.225"
            ],
            "set_identifier": null,
            "ttl": 300,
            "type": "A",
            "weighted_routing_policy": [],
            "zone_id": "Z2TJYPXTAYBRCC"
          },
          "private": "eyJzY2hlbWFfdmVyc2lvbiI6IjIifQ==",
          "dependencies": [
            "aws_security_group.this",
            "module.defaults.aws_key_pair.this",
            "module.defaults.aws_spot_instance_request.this",
            "module.vpc_default.aws_default_vpc.this"
          ]
        }
      ]
    },
    {
      "mode": "managed",
      "type": "aws_security_group",
      "name": "this",
      "provider": "provider.aws",
      "instances": [
        {
          "schema_version": 1,
          "attributes": {
            "arn": "arn:aws:ec2:us-east-1:415352219645:security-group/sg-0450e5adbff8c771b",
            "description": "Managed by Terraform",
            "egress": [
              {
                "cidr_blocks": [
                  "0.0.0.0/0"
                ],
                "description": "",
                "from_port": 0,
                "ipv6_cidr_blocks": [],
                "prefix_list_ids": [],
                "protocol": "-1",
                "security_groups": [],
                "self": false,
                "to_port": 0
              }
            ],
            "id": "sg-0450e5adbff8c771b",
            "ingress": [
              {
                "cidr_blocks": [
                  "0.0.0.0/0"
                ],
                "description": "",
                "from_port": 22,
                "ipv6_cidr_blocks": [],
                "prefix_list_ids": [],
                "protocol": "tcp",
                "security_groups": [],
                "self": false,
                "to_port": 22
              },
              {
                "cidr_blocks": [
                  "0.0.0.0/0"
                ],
                "description": "",
                "from_port": 443,
                "ipv6_cidr_blocks": [],
                "prefix_list_ids": [],
                "protocol": "tcp",
                "security_groups": [],
                "self": false,
                "to_port": 443
              },
              {
                "cidr_blocks": [
                  "0.0.0.0/0"
                ],
                "description": "",
                "from_port": 80,
                "ipv6_cidr_blocks": [],
                "prefix_list_ids": [],
                "protocol": "tcp",
                "security_groups": [],
                "self": false,
                "to_port": 80
              }
            ],
            "name": "terraform-20200404203625202000000001",
            "name_prefix": null,
            "owner_id": "415352219645",
            "revoke_rules_on_delete": false,
            "tags": null,
            "timeouts": null,
            "vpc_id": "vpc-8d5378f7"
          },
          "private": "eyJlMmJmYjczMC1lY2FhLTExZTYtOGY4OC0zNDM2M2JjN2M0YzAiOnsiY3JlYXRlIjo2MDAwMDAwMDAwMDAsImRlbGV0ZSI6NjAwMDAwMDAwMDAwfSwic2NoZW1hX3ZlcnNpb24iOiIxIn0=",
          "dependencies": [
            "module.vpc_default.aws_default_vpc.this"
          ]
        }
      ]
    },
    {
      "module": "module.defaults",
      "mode": "managed",
      "type": "aws_spot_instance_request",
      "name": "this",
      "provider": "provider.aws",
      "instances": [
        {
          "schema_version": 0,
          "attributes": {
            "ami": "ami-0a4f4704a9146742a",
            "arn": null,
            "associate_public_ip_address": true,
            "availability_zone": null,
            "block_duration_minutes": 0,
            "cpu_core_count": null,
            "cpu_threads_per_core": null,
            "credit_specification": [],
            "disable_api_termination": null,
            "ebs_block_device": [],
            "ebs_optimized": null,
            "ephemeral_block_device": [],
            "get_password_data": false,
            "hibernation": null,
            "host_id": null,
            "iam_instance_profile": null,
            "id": "sir-nej9gfdk",
            "instance_initiated_shutdown_behavior": null,
            "instance_interruption_behaviour": "terminate",
            "instance_state": null,
            "instance_type": "t2.medium",
            "ipv6_address_count": 0,
            "ipv6_addresses": [],
            "key_name": "terraform-20200309021204504400000001",
            "launch_group": "",
            "monitoring": null,
            "network_interface": [],
            "network_interface_id": "eni-08f32bed15d5fca5d",
            "password_data": "",
            "placement_group": null,
            "primary_network_interface_id": null,
            "private_dns": "ip-172-31-24-125.ec2.internal",
            "private_ip": "172.31.24.125",
            "public_dns": "ec2-52-205-241-225.compute-1.amazonaws.com",
            "public_ip": "52.205.241.225",
            "root_block_device": [
              {
                "delete_on_termination": true,
                "encrypted": false,
                "iops": 100,
                "kms_key_id": "",
                "volume_id": "vol-0af055995b104200a",
                "volume_size": 8,
                "volume_type": "gp2"
              }
            ],
            "security_groups": [],
            "source_dest_check": true,
            "spot_bid_status": "fulfilled",
            "spot_instance_id": "i-00d5d19d65588fd40",
            "spot_price": "1",
            "spot_request_state": "active",
            "spot_type": "persistent",
            "subnet_id": "subnet-b550fff8",
            "tags": {
              "Namespace": "prod",
              "NetworkName": "main",
              "Owner": "",
              "Stage": "blue",
              "Terraform": "true",
              "VpcType": "main"
            },
            "tenancy": null,
            "timeouts": null,
            "user_data": null,
            "user_data_base64": null,
            "valid_from": "0001-01-01T00:00:00Z",
            "valid_until": "0001-01-01T00:00:00Z",
            "volume_tags": null,
            "vpc_security_group_ids": [
              "sg-0450e5adbff8c771b"
            ],
            "wait_for_fulfillment": true
          },
          "private": "eyJlMmJmYjczMC1lY2FhLTExZTYtOGY4OC0zNDM2M2JjN2M0YzAiOnsiY3JlYXRlIjo2MDAwMDAwMDAwMDAsImRlbGV0ZSI6MTIwMDAwMDAwMDAwMH19",
          "dependencies": [
            "aws_security_group.this",
            "module.defaults.aws_key_pair.this",
            "module.vpc_default.aws_default_vpc.this"
          ]
        }
      ]
    },
    {
      "module": "module.defaults.module.ansible",
      "mode": "managed",
      "type": "local_file",
      "name": "ansible_cfg",
      "provider": "provider.local",
      "instances": [
        {
          "schema_version": 0,
          "attributes": {
            "content": "[ssh_connection]\nssh_args = -C -F .terraform/modules/defaults.ansible/ssh.cfg\n",
            "content_base64": null,
            "directory_permission": "0777",
            "file_permission": "0777",
            "filename": ".terraform/modules/defaults.ansible/ansible.cfg",
            "id": "e4fe6db82347a17d51b66feac57b3e5daa2cfc4e",
            "sensitive_content": null
          },
          "private": "bnVsbA==",
          "dependencies": [
            "module.defaults.module.ansible.template_file.ansible_cfg"
          ]
        }
      ]
    },
    {
      "module": "module.defaults.module.ansible",
      "mode": "managed",
      "type": "local_file",
      "name": "ansible_sh",
      "provider": "provider.local",
      "instances": [
        {
          "schema_version": 0,
          "attributes": {
            "content": "\nANSIBLE_SCP_IF_SSH=true\nANSIBLE_FORCE_COLOR=true\nexport ANSIBLE_SSH_RETRIES=10\nexport ANSIBLE_HOST_KEY_CHECKING=False\n\n\nansible-playbook '../../ansible/main.yml' \\\n--inventory=52.205.241.225, \\\n--user=ubuntu \\\n--become-method='sudo' \\\n--become-user='root' \\\n--become \\\n--forks=5 \\\n--ssh-extra-args='-p 22 -o ConnectTimeout=10 -o ConnectionAttempts=10 -o StrictHostKeyChecking=no -o IdentitiesOnly=yes' \\\n\\\n--private-key='/home/rob/.ssh/testing' \\\n--extra-vars='{\"jitsi_meet_server_name\":\"jitsi.insight-infra.de\"}' \n",
            "content_base64": null,
            "directory_permission": "0777",
            "file_permission": "0755",
            "filename": ".terraform/modules/defaults.ansible/ansible.sh",
            "id": "f676decead107500d911d5019007faf5196c1755",
            "sensitive_content": null
          },
          "private": "bnVsbA==",
          "dependencies": [
            "aws_security_group.this",
            "module.defaults.aws_key_pair.this",
            "module.defaults.aws_spot_instance_request.this",
            "module.defaults.module.ansible.template_file.ansible_sh",
            "module.vpc_default.aws_default_vpc.this"
          ]
        }
      ]
    },
    {
      "module": "module.defaults.module.ansible",
      "mode": "managed",
      "type": "local_file",
      "name": "ssh_cfg",
      "provider": "provider.local",
      "instances": [
        {
          "schema_version": 0,
          "attributes": {
            "content": "\nHost 10.*.*.*\n  ProxyCommand    ssh -A -W %h:%p @ -F .terraform/modules/defaults.ansible/ssh.cfg\n  IdentityFile    /home/rob/.ssh/testing\n  StrictHostKeyChecking no\n  UserKnownHostsFile=/dev/null\n\nHost 17.??.*.*\n  ProxyCommand    ssh -A -W %h:%p @ -F .terraform/modules/defaults.ansible/ssh.cfg\n  IdentityFile    /home/rob/.ssh/testing\n  StrictHostKeyChecking no\n  UserKnownHostsFile=/dev/null\n\nHost 192.168.*.*\n  ProxyCommand    ssh -A -W %h:%p @ -F .terraform/modules/defaults.ansible/ssh.cfg\n  IdentityFile    /home/rob/.ssh/testing\n  StrictHostKeyChecking no\n  UserKnownHostsFile=/dev/null\n\n\nHost \n  Hostname \n  User \n  IdentitiesOnly yes\n  IdentityFile /home/rob/.ssh/testing\n  ControlMaster auto\n  ControlPath ~/.ssh/ansible-%r@%h:%p\n  ControlPersist 5m\n  StrictHostKeyChecking=no\n  UserKnownHostsFile=/dev/null\n",
            "content_base64": null,
            "directory_permission": "0777",
            "file_permission": "0777",
            "filename": ".terraform/modules/defaults.ansible/ssh.cfg",
            "id": "50173ad4feba0cad8f35c2b7a20381aa95f95065",
            "sensitive_content": null
          },
          "private": "bnVsbA==",
          "dependencies": [
            "module.defaults.module.ansible.template_file.ssh_cfg"
          ]
        }
      ]
    },
    {
      "module": "module.defaults.module.ansible",
      "mode": "managed",
      "type": "null_resource",
      "name": "ansible_run",
      "each": "list",
      "provider": "provider.null",
      "instances": [
        {
          "index_key": 0,
          "status": "tainted",
          "schema_version": 0,
          "attributes": {
            "id": "615261781713787805",
            "triggers": {
              "apply_time": "2020-04-04T20:36:41Z"
            }
          },
          "private": "bnVsbA==",
          "dependencies": [
            "aws_security_group.this",
            "module.defaults.aws_key_pair.this",
            "module.defaults.aws_spot_instance_request.this",
            "module.defaults.module.ansible.local_file.ansible_cfg",
            "module.defaults.module.ansible.local_file.ansible_sh",
            "module.defaults.module.ansible.local_file.ssh_cfg",
            "module.defaults.module.ansible.null_resource.inventory_template",
            "module.defaults.module.ansible.null_resource.requirements",
            "module.defaults.module.ansible.template_file.ansible_sh",
            "module.vpc_default.aws_default_vpc.this"
          ]
        }
      ]
    },
    {
      "module": "module.defaults.module.ansible",
      "mode": "managed",
      "type": "null_resource",
      "name": "cleanup",
      "each": "list",
      "provider": "provider.null",
      "instances": []
    },
    {
      "module": "module.defaults.module.ansible",
      "mode": "managed",
      "type": "null_resource",
      "name": "inventory_template",
      "each": "list",
      "provider": "provider.null",
      "instances": []
    },
    {
      "module": "module.defaults.module.ansible",
      "mode": "managed",
      "type": "null_resource",
      "name": "requirements",
      "each": "list",
      "provider": "provider.null",
      "instances": [
        {
          "index_key": 0,
          "schema_version": 0,
          "attributes": {
            "id": "8422004170978801049",
            "triggers": {
              "apply_time": "2020-04-04T20:36:19Z"
            }
          },
          "private": "bnVsbA=="
        }
      ]
    },
    {
      "module": "module.defaults",
      "mode": "managed",
      "type": "random_pet",
      "name": "this",
      "provider": "provider.random",
      "instances": [
        {
          "schema_version": 0,
          "attributes": {
            "id": "living-piranha",
            "keepers": null,
            "length": 2,
            "prefix": null,
            "separator": "-"
          },
          "private": "bnVsbA=="
        }
      ]
    },
    {
      "module": "module.defaults.module.ansible",
      "mode": "managed",
      "type": "template_file",
      "name": "ansible_cfg",
      "provider": "provider.template",
      "instances": [
        {
          "schema_version": 0,
          "attributes": {
            "filename": null,
            "id": "d4539875cc40fb1f160c8559657891f795297081c0de7c98ee26d357218ad899",
            "rendered": "[ssh_connection]\nssh_args = -C -F .terraform/modules/defaults.ansible/ssh.cfg\n",
            "template": "[ssh_connection]\nssh_args = -C -F .terraform/modules/defaults.ansible/ssh.cfg\n",
            "vars": null
          }
        }
      ]
    },
    {
      "module": "module.defaults.module.ansible",
      "mode": "managed",
      "type": "template_file",
      "name": "ansible_sh",
      "provider": "provider.template",
      "instances": [
        {
          "schema_version": 0,
          "attributes": {
            "filename": null,
            "id": "301454ecc079e621f35d96789c920b81c01b065b48676f30307c2d326897620f",
            "rendered": "\nANSIBLE_SCP_IF_SSH=true\nANSIBLE_FORCE_COLOR=true\nexport ANSIBLE_SSH_RETRIES=10\nexport ANSIBLE_HOST_KEY_CHECKING=False\n\n\nansible-playbook '../../ansible/main.yml' \\\n--inventory=52.205.241.225, \\\n--user=ubuntu \\\n--become-method='sudo' \\\n--become-user='root' \\\n--become \\\n--forks=5 \\\n--ssh-extra-args='-p 22 -o ConnectTimeout=10 -o ConnectionAttempts=10 -o StrictHostKeyChecking=no -o IdentitiesOnly=yes' \\\n\\\n--private-key='/home/rob/.ssh/testing' \\\n--extra-vars='{\"jitsi_meet_server_name\":\"jitsi.insight-infra.de\"}' \n",
            "template": "\nANSIBLE_SCP_IF_SSH=true\nANSIBLE_FORCE_COLOR=true\nexport ANSIBLE_SSH_RETRIES=10\nexport ANSIBLE_HOST_KEY_CHECKING=False\n\n\nansible-playbook '../../ansible/main.yml' \\\n--inventory=52.205.241.225, \\\n--user=ubuntu \\\n--become-method='sudo' \\\n--become-user='root' \\\n--become \\\n--forks=5 \\\n--ssh-extra-args='-p 22 -o ConnectTimeout=10 -o ConnectionAttempts=10 -o StrictHostKeyChecking=no -o IdentitiesOnly=yes' \\\n\\\n--private-key='/home/rob/.ssh/testing' \\\n--extra-vars='{\"jitsi_meet_server_name\":\"jitsi.insight-infra.de\"}' \n",
            "vars": null
          },
          "private": "bnVsbA==",
          "dependencies": [
            "aws_security_group.this",
            "module.defaults.aws_key_pair.this",
            "module.defaults.aws_spot_instance_request.this",
            "module.vpc_default.aws_default_vpc.this"
          ]
        }
      ]
    },
    {
      "module": "module.defaults.module.ansible",
      "mode": "managed",
      "type": "template_file",
      "name": "ssh_cfg",
      "provider": "provider.template",
      "instances": [
        {
          "schema_version": 0,
          "attributes": {
            "filename": null,
            "id": "bf2cec7f5e2b94924871dc93e6a3d03c043ee62401a97ee7be25c84ee6a3dd76",
            "rendered": "\nHost 10.*.*.*\n  ProxyCommand    ssh -A -W %h:%p @ -F .terraform/modules/defaults.ansible/ssh.cfg\n  IdentityFile    /home/rob/.ssh/testing\n  StrictHostKeyChecking no\n  UserKnownHostsFile=/dev/null\n\nHost 17.??.*.*\n  ProxyCommand    ssh -A -W %h:%p @ -F .terraform/modules/defaults.ansible/ssh.cfg\n  IdentityFile    /home/rob/.ssh/testing\n  StrictHostKeyChecking no\n  UserKnownHostsFile=/dev/null\n\nHost 192.168.*.*\n  ProxyCommand    ssh -A -W %h:%p @ -F .terraform/modules/defaults.ansible/ssh.cfg\n  IdentityFile    /home/rob/.ssh/testing\n  StrictHostKeyChecking no\n  UserKnownHostsFile=/dev/null\n\n\nHost \n  Hostname \n  User \n  IdentitiesOnly yes\n  IdentityFile /home/rob/.ssh/testing\n  ControlMaster auto\n  ControlPath ~/.ssh/ansible-%r@%h:%p\n  ControlPersist 5m\n  StrictHostKeyChecking=no\n  UserKnownHostsFile=/dev/null\n",
            "template": "\nHost 10.*.*.*\n  ProxyCommand    ssh -A -W %h:%p @ -F .terraform/modules/defaults.ansible/ssh.cfg\n  IdentityFile    /home/rob/.ssh/testing\n  StrictHostKeyChecking no\n  UserKnownHostsFile=/dev/null\n\nHost 17.??.*.*\n  ProxyCommand    ssh -A -W %h:%p @ -F .terraform/modules/defaults.ansible/ssh.cfg\n  IdentityFile    /home/rob/.ssh/testing\n  StrictHostKeyChecking no\n  UserKnownHostsFile=/dev/null\n\nHost 192.168.*.*\n  ProxyCommand    ssh -A -W %h:%p @ -F .terraform/modules/defaults.ansible/ssh.cfg\n  IdentityFile    /home/rob/.ssh/testing\n  StrictHostKeyChecking no\n  UserKnownHostsFile=/dev/null\n\n\nHost \n  Hostname \n  User \n  IdentitiesOnly yes\n  IdentityFile /home/rob/.ssh/testing\n  ControlMaster auto\n  ControlPath ~/.ssh/ansible-%r@%h:%p\n  ControlPersist 5m\n  StrictHostKeyChecking=no\n  UserKnownHostsFile=/dev/null\n",
            "vars": null
          }
        }
      ]
    }
  ]
}
